// !$*UTF8*$!
{
	archiveVersion = 1;
	classes = {
	};
	objectVersion = 46;
	objects = {

/* Begin PBXFileReference section */
		700C39C51F2E5CA800C24F9C /* tables.s */ = {isa = PBXFileReference; lastKnownFileType = sourcecode.asm; path = tables.s; sourceTree = "<group>"; };
		700F21DE1F43E31300D7007D /* input.s */ = {isa = PBXFileReference; lastKnownFileType = sourcecode.asm; path = input.s; sourceTree = "<group>"; };
		700F21DF1F4A364600D7007D /* projectile.s */ = {isa = PBXFileReference; lastKnownFileType = sourcecode.asm; path = projectile.s; sourceTree = "<group>"; };
		700F21E01F4A3A5500D7007D /* GenerateTrigTables.py */ = {isa = PBXFileReference; lastKnownFileType = text.script.python; path = GenerateTrigTables.py; sourceTree = "<group>"; };
		700FFAFB1F40F3BF00A442DE /* font.s */ = {isa = PBXFileReference; lastKnownFileType = sourcecode.asm; path = font.s; sourceTree = "<group>"; };
		7059502B1F37A0BE00BBE90F /* GenerateVRAMTable.py */ = {isa = PBXFileReference; lastKnownFileType = text.script.python; path = GenerateVRAMTable.py; sourceTree = "<group>"; };
		706DF1641F2D39F700AA6680 /* loader.s */ = {isa = PBXFileReference; lastKnownFileType = sourcecode.asm; path = loader.s; sourceTree = "<group>"; };
		706DF1651F2D4A8100AA6680 /* terrain.s */ = {isa = PBXFileReference; lastKnownFileType = sourcecode.asm; path = terrain.s; sourceTree = "<group>"; };
		7088096D1F2ECE8D00D4C950 /* GenerateRenderSpans.py */ = {isa = PBXFileReference; lastKnownFileType = text.script.python; path = GenerateRenderSpans.py; sourceTree = "<group>"; };
		7099E3841F41022100182A82 /* gameobject.s */ = {isa = PBXFileReference; lastKnownFileType = sourcecode.asm; path = gameobject.s; sourceTree = "<group>"; };
		7099E3851F4107B100182A82 /* GenerateVRAMYOffset.py */ = {isa = PBXFileReference; lastKnownFileType = text.script.python; path = GenerateVRAMYOffset.py; sourceTree = "<group>"; };
		70A80FB01F43D7F200BD34C9 /* gamemanager.s */ = {isa = PBXFileReference; lastKnownFileType = sourcecode.asm; path = gamemanager.s; sourceTree = "<group>"; };
		70C073091F5BAA3E009844A9 /* collision.s */ = {isa = PBXFileReference; lastKnownFileType = sourcecode.asm; path = collision.s; sourceTree = "<group>"; };
		70E9D85F1F2BD95400555C19 /* equates.s */ = {isa = PBXFileReference; lastKnownFileType = sourcecode.asm; path = equates.s; sourceTree = "<group>"; };
		70E9D8601F2BD95400555C19 /* graphics.s */ = {isa = PBXFileReference; lastKnownFileType = sourcecode.asm; path = graphics.s; sourceTree = "<group>"; };
		70E9D8611F2BD95400555C19 /* gscats.s */ = {isa = PBXFileReference; lastKnownFileType = sourcecode.asm; path = gscats.s; sourceTree = "<group>"; };
		70E9D8621F2BD95400555C19 /* macros.s */ = {isa = PBXFileReference; lastKnownFileType = sourcecode.asm; path = macros.s; sourceTree = "<group>"; };
		70E9D8631F2BD95400555C19 /* Makefile */ = {isa = PBXFileReference; lastKnownFileType = sourcecode.make; path = Makefile; sourceTree = "<group>"; };
		70F0869F1F413A89002446C3 /* player.s */ = {isa = PBXFileReference; lastKnownFileType = sourcecode.asm; path = player.s; sourceTree = "<group>"; };
		70F086A01F4230CB002446C3 /* utility.s */ = {isa = PBXFileReference; lastKnownFileType = sourcecode.asm; path = utility.s; sourceTree = "<group>"; };
/* End PBXFileReference section */

/* Begin PBXGroup section */
		70E9D8541F2BD8EF00555C19 = {
			isa = PBXGroup;
			children = (
				70E9D85F1F2BD95400555C19 /* equates.s */,
				700F21DE1F43E31300D7007D /* input.s */,
				70E9D8601F2BD95400555C19 /* graphics.s */,
				70E9D8621F2BD95400555C19 /* macros.s */,
				7099E3841F41022100182A82 /* gameobject.s */,
				706DF1641F2D39F700AA6680 /* loader.s */,
				700FFAFB1F40F3BF00A442DE /* font.s */,
				706DF1651F2D4A8100AA6680 /* terrain.s */,
				70C073091F5BAA3E009844A9 /* collision.s */,
				70F086A01F4230CB002446C3 /* utility.s */,
				700C39C51F2E5CA800C24F9C /* tables.s */,
				70F0869F1F413A89002446C3 /* player.s */,
				700F21DF1F4A364600D7007D /* projectile.s */,
				70A80FB01F43D7F200BD34C9 /* gamemanager.s */,
				70E9D8611F2BD95400555C19 /* gscats.s */,
				70E9D8631F2BD95400555C19 /* Makefile */,
				7088096D1F2ECE8D00D4C950 /* GenerateRenderSpans.py */,
				7059502B1F37A0BE00BBE90F /* GenerateVRAMTable.py */,
				7099E3851F4107B100182A82 /* GenerateVRAMYOffset.py */,
				700F21E01F4A3A5500D7007D /* GenerateTrigTables.py */,
			);
			sourceTree = "<group>";
		};
/* End PBXGroup section */

/* Begin PBXLegacyTarget section */
		70E9D8591F2BD8EF00555C19 /* GSCats */ = {
			isa = PBXLegacyTarget;
			buildArgumentsString = "$(ACTION)";
			buildConfigurationList = 70E9D85C1F2BD8EF00555C19 /* Build configuration list for PBXLegacyTarget "GSCats" */;
			buildPhases = (
			);
			buildToolPath = /usr/bin/make;
			dependencies = (
			);
			name = GSCats;
			passBuildSettingsInEnvironment = 1;
			productName = GSCats;
		};
/* End PBXLegacyTarget section */

/* Begin PBXProject section */
		70E9D8551F2BD8EF00555C19 /* Project object */ = {
			isa = PBXProject;
			attributes = {
				LastUpgradeCheck = 0820;
				ORGANIZATIONNAME = "Quinn Dunki";
				TargetAttributes = {
					70E9D8591F2BD8EF00555C19 = {
						CreatedOnToolsVersion = 8.2;
						ProvisioningStyle = Automatic;
					};
				};
			};
			buildConfigurationList = 70E9D8581F2BD8EF00555C19 /* Build configuration list for PBXProject "GSCats" */;
			compatibilityVersion = "Xcode 3.2";
			developmentRegion = English;
			hasScannedForEncodings = 0;
			knownRegions = (
				en,
			);
			mainGroup = 70E9D8541F2BD8EF00555C19;
			projectDirPath = "";
			projectRoot = "";
			targets = (
				70E9D8591F2BD8EF00555C19 /* GSCats */,
			);
		};
/* End PBXProject section */

/* Begin XCBuildConfiguration section */
		70E9D85A1F2BD8EF00555C19 /* Debug */ = {
			isa = XCBuildConfiguration;
			buildSettings = {
				ALWAYS_SEARCH_USER_PATHS = NO;
				CLANG_ANALYZER_NONNULL = YES;
				CLANG_CXX_LANGUAGE_STANDARD = "gnu++0x";
				CLANG_CXX_LIBRARY = "libc++";
				CLANG_ENABLE_MODULES = YES;
				CLANG_ENABLE_OBJC_ARC = YES;
				CLANG_WARN_BOOL_CONVERSION = YES;
				CLANG_WARN_CONSTANT_CONVERSION = YES;
				CLANG_WARN_DIRECT_OBJC_ISA_USAGE = YES_ERROR;
				CLANG_WARN_DOCUMENTATION_COMMENTS = YES;
				CLANG_WARN_EMPTY_BODY = YES;
				CLANG_WARN_ENUM_CONVERSION = YES;
				CLANG_WARN_INFINITE_RECURSION = YES;
				CLANG_WARN_INT_CONVERSION = YES;
				CLANG_WARN_OBJC_ROOT_CLASS = YES_ERROR;
				CLANG_WARN_SUSPICIOUS_MOVE = YES;
				CLANG_WARN_UNREACHABLE_CODE = YES;
				CLANG_WARN__DUPLICATE_METHOD_MATCH = YES;
				COPY_PHASE_STRIP = NO;
				DEBUG_INFORMATION_FORMAT = dwarf;
				ENABLE_STRICT_OBJC_MSGSEND = YES;
				ENABLE_TESTABILITY = YES;
				GCC_C_LANGUAGE_STANDARD = gnu99;
				GCC_DYNAMIC_NO_PIC = NO;
				GCC_NO_COMMON_BLOCKS = YES;
				GCC_OPTIMIZATION_LEVEL = 0;
				GCC_PREPROCESSOR_DEFINITIONS = (
					"DEBUG=1",
					"$(inherited)",
				);
				GCC_WARN_64_TO_32_BIT_CONVERSION = YES;
				GCC_WARN_ABOUT_RETURN_TYPE = YES_ERROR;
				GCC_WARN_UNDECLARED_SELECTOR = YES;
				GCC_WARN_UNINITIALIZED_AUTOS = YES_AGGRESSIVE;
				GCC_WARN_UNUSED_FUNCTION = YES;
				GCC_WARN_UNUSED_VARIABLE = YES;
				MTL_ENABLE_DEBUG_INFO = YES;
				ONLY_ACTIVE_ARCH = YES;
			};
			name = Debug;
		};
		70E9D85B1F2BD8EF00555C19 /* Release */ = {
			isa = XCBuildConfiguration;
			buildSettings = {
				ALWAYS_SEARCH_USER_PATHS = NO;
				CLANG_ANALYZER_NONNULL = YES;
				CLANG_CXX_LANGUAGE_STANDARD = "gnu++0x";
				CLANG_CXX_LIBRARY = "libc++";
				CLANG_ENABLE_MODULES = YES;
				CLANG_ENABLE_OBJC_ARC = YES;
				CLANG_WARN_BOOL_CONVERSION = YES;
				CLANG_WARN_CONSTANT_CONVERSION = YES;
				CLANG_WARN_DIRECT_OBJC_ISA_USAGE = YES_ERROR;
				CLANG_WARN_DOCUMENTATION_COMMENTS = YES;
				CLANG_WARN_EMPTY_BODY = YES;
				CLANG_WARN_ENUM_CONVERSION = YES;
				CLANG_WARN_INFINITE_RECURSION = YES;
				CLANG_WARN_INT_CONVERSION = YES;
				CLANG_WARN_OBJC_ROOT_CLASS = YES_ERROR;
				CLANG_WARN_SUSPICIOUS_MOVE = YES;
				CLANG_WARN_UNREACHABLE_CODE = YES;
				CLANG_WARN__DUPLICATE_METHOD_MATCH = YES;
				COPY_PHASE_STRIP = NO;
				DEBUG_INFORMATION_FORMAT = "dwarf-with-dsym";
				ENABLE_NS_ASSERTIONS = NO;
				ENABLE_STRICT_OBJC_MSGSEND = YES;
				GCC_C_LANGUAGE_STANDARD = gnu99;
				GCC_NO_COMMON_BLOCKS = YES;
				GCC_WARN_64_TO_32_BIT_CONVERSION = YES;
				GCC_WARN_ABOUT_RETURN_TYPE = YES_ERROR;
				GCC_WARN_UNDECLARED_SELECTOR = YES;
				GCC_WARN_UNINITIALIZED_AUTOS = YES_AGGRESSIVE;
				GCC_WARN_UNUSED_FUNCTION = YES;
				GCC_WARN_UNUSED_VARIABLE = YES;
				MTL_ENABLE_DEBUG_INFO = NO;
			};
			name = Release;
		};
		70E9D85D1F2BD8EF00555C19 /* Debug */ = {
			isa = XCBuildConfiguration;
			buildSettings = {
				DEBUGGING_SYMBOLS = YES;
				DEBUG_INFORMATION_FORMAT = dwarf;
				GCC_GENERATE_DEBUGGING_SYMBOLS = YES;
				GCC_OPTIMIZATION_LEVEL = 0;
				OTHER_CFLAGS = "";
				OTHER_LDFLAGS = "";
				PRODUCT_NAME = "$(TARGET_NAME)";
			};
			name = Debug;
		};
		70E9D85E1F2BD8EF00555C19 /* Release */ = {
			isa = XCBuildConfiguration;
			buildSettings = {
				DEBUG_INFORMATION_FORMAT = "dwarf-with-dsym";
				OTHER_CFLAGS = "";
				OTHER_LDFLAGS = "";
				PRODUCT_NAME = "$(TARGET_NAME)";
			};
			name = Release;
		};
/* End XCBuildConfiguration section */

/* Begin XCConfigurationList section */
		70E9D8581F2BD8EF00555C19 /* Build configuration list for PBXProject "GSCats" */ = {
			isa = XCConfigurationList;
			buildConfigurations = (
				70E9D85A1F2BD8EF00555C19 /* Debug */,
				70E9D85B1F2BD8EF00555C19 /* Release */,
			);
			defaultConfigurationIsVisible = 0;
			defaultConfigurationName = Release;
		};
		70E9D85C1F2BD8EF00555C19 /* Build configuration list for PBXLegacyTarget "GSCats" */ = {
			isa = XCConfigurationList;
			buildConfigurations = (
				70E9D85D1F2BD8EF00555C19 /* Debug */,
				70E9D85E1F2BD8EF00555C19 /* Release */,
			);
			defaultConfigurationIsVisible = 0;
			defaultConfigurationName = Release;
		};
/* End XCConfigurationList section */
	};
	rootObject = 70E9D8551F2BD8EF00555C19 /* Project object */;
}
